{
  "object": {
    "pins": [
      {
        "package": "DNSClient",
        "repositoryURL": "https://github.com/alessionossa/NioDNS.git",
        "state": {
          "branch": null,
          "revision": "b08a19610c3d15a0ed8cf9b31d4377c786b16ea5",
          "version": "2.1.1"
        }
      },
      {
        "package": "swift-extras-base64",
        "repositoryURL": "https://github.com/swift-extras/swift-extras-base64.git",
        "state": {
          "branch": null,
          "revision": "dc8121fdd2b444c97d6b0534e8ad4ddecbe0d5f4",
          "version": "1.0.0"
        }
      },
      {
        "package": "swift-nio",
        "repositoryURL": "https://github.com/apple/swift-nio.git",
        "state": {
          "branch": null,
          "revision": "213eb6887e526e0dfac526a2eae559a1893ebbac",
          "version": "2.36.0"
        }
      }
    ]
  },
  "version": 1
}
